<?xml version="1.0" encoding="utf-8"?>
<Project ToolsVersion="4.0" xmlns="http://schemas.microsoft.com/developer/msbuild/2003">
  <ItemGroup>
    <Filter Include="Source Files">
      <UniqueIdentifier>{4FC737F1-C7A5-4376-A066-2A32D752A2FF}</UniqueIdentifier>
      <Extensions>cpp;c;cc;cxx;c++;cppm;ixx;def;odl;idl;hpj;bat;asm;asmx</Extensions>
    </Filter>
    <Filter Include="Header Files">
      <UniqueIdentifier>{93995380-89BD-4b04-88EB-625FBE52EBFB}</UniqueIdentifier>
      <Extensions>h;hh;hpp;hxx;h++;hm;inl;inc;ipp;xsd</Extensions>
    </Filter>
    <Filter Include="Resource Files">
      <UniqueIdentifier>{67DA6AB6-F800-4c08-8B7A-83BB121AAD01}</UniqueIdentifier>
      <Extensions>rc;ico;cur;bmp;dlg;rc2;rct;bin;rgs;gif;jpg;jpeg;jpe;resx;tiff;tif;png;wav;mfcribbon-ms</Extensions>
    </Filter>
    <Filter Include="Header Files\Recursion">
      <UniqueIdentifier>{7bc89a80-3fea-44ea-b6b8-f45539905dd4}</UniqueIdentifier>
    </Filter>
    <Filter Include="Source Files\Recursion">
      <UniqueIdentifier>{adbfc3f1-94ec-49af-9b52-72bd0a0a8cf0}</UniqueIdentifier>
    </Filter>
    <Filter Include="Header Files\Recursion\Examples">
      <UniqueIdentifier>{918af2f8-3035-4fe7-9300-536888f01798}</UniqueIdentifier>
    </Filter>
    <Filter Include="Source Files\Recursion\Examples">
      <UniqueIdentifier>{1285b5e9-4c2f-407e-8d92-47326e42661a}</UniqueIdentifier>
    </Filter>
  </ItemGroup>
  <ItemGroup>
    <ClCompile Include="dsa-learning.cpp">
      <Filter>Source Files</Filter>
    </ClCompile>
    <ClCompile Include="Recursions.cpp">
      <Filter>Source Files\Recursion</Filter>
    </ClCompile>
    <ClCompile Include="IndirectRecursion.cpp">
      <Filter>Source Files\Recursion</Filter>
    </ClCompile>
    <ClCompile Include="SumOfNNumburs.cpp">
      <Filter>Source Files\Recursion\Examples</Filter>
    </ClCompile>
    <ClCompile Include="Factorial.cpp">
      <Filter>Source Files\Recursion\Examples</Filter>
    </ClCompile>
    <ClCompile Include="ExponentPower.cpp">
      <Filter>Source Files\Recursion\Examples</Filter>
    </ClCompile>
    <ClCompile Include="TailorSeries.cpp">
      <Filter>Source Files\Recursion\Examples</Filter>
    </ClCompile>
    <ClCompile Include="Combinations.cpp">
      <Filter>Source Files\Recursion\Examples</Filter>
    </ClCompile>
    <ClCompile Include="FibonacciSeries.cpp">
      <Filter>Source Files\Recursion\Examples</Filter>
    </ClCompile>
    <ClCompile Include="TowerOfHanoi.cpp">
      <Filter>Source Files\Recursion\Examples</Filter>
    </ClCompile>
  </ItemGroup>
  <ItemGroup>
    <ClInclude Include="Recursions.h">
      <Filter>Header Files\Recursion</Filter>
    </ClInclude>
    <ClInclude Include="IndirectRecursion.h">
      <Filter>Header Files\Recursion</Filter>
    </ClInclude>
    <ClInclude Include="SumOfNNumburs.h">
      <Filter>Header Files\Recursion\Examples</Filter>
    </ClInclude>
    <ClInclude Include="Factorial.h">
      <Filter>Header Files\Recursion\Examples</Filter>
    </ClInclude>
    <ClInclude Include="ExponentPower.h">
      <Filter>Header Files\Recursion\Examples</Filter>
    </ClInclude>
    <ClInclude Include="TailorSeries.h">
      <Filter>Header Files\Recursion\Examples</Filter>
    </ClInclude>
    <ClInclude Include="FibonacciSeries.h">
      <Filter>Header Files\Recursion\Examples</Filter>
    </ClInclude>
    <ClInclude Include="Combinations.h">
      <Filter>Header Files\Recursion\Examples</Filter>
    </ClInclude>
    <ClInclude Include="TowerOfHanoi.h">
      <Filter>Header Files\Recursion\Examples</Filter>
    </ClInclude>
  </ItemGroup>
</Project>